
Microsoft Visual Studio Solution File, Format Version 12.00
# Visual Studio 2013
VisualStudioVersion = 12.0.30723.0
MinimumVisualStudioVersion = 10.0.40219.1
Project("{FAE04EC0-301F-11D3-BF4B-00C04F79EFBC}") = "MaxGame", "MaxGame\MaxGame.csproj", "{4BC1B008-74E5-46F9-91BD-014F30F2FB52}"
EndProject
Project("{FAE04EC0-301F-11D3-BF4B-00C04F79EFBC}") = "MaxGameTests", "MaxGameTests\MaxGameTests.csproj", "{F6A09814-000F-4CC7-9E4B-196A91F8092D}"
EndProject
Global
	GlobalSection(SolutionConfigurationPlatforms) = preSolution
		Debug|Any CPU = Debug|Any CPU
		Release|Any CPU = Release|Any CPU
	EndGlobalSection
	GlobalSection(ProjectConfigurationPlatforms) = postSolution
		{4BC1B008-74E5-46F9-91BD-014F30F2FB52}.Debug|Any CPU.ActiveCfg = Debug|Any CPU
		{4BC1B008-74E5-46F9-91BD-014F30F2FB52}.Debug|Any CPU.Build.0 = Debug|Any CPU
		{4BC1B008-74E5-46F9-91BD-014F30F2FB52}.Release|Any CPU.ActiveCfg = Release|Any CPU
		{4BC1B008-74E5-46F9-91BD-014F30F2FB52}.Release|Any CPU.Build.0 = Release|Any CPU
		{F6A09814-000F-4CC7-9E4B-196A91F8092D}.Debug|Any CPU.ActiveCfg = Debug|Any CPU
		{F6A09814-000F-4CC7-9E4B-196A91F8092D}.Debug|Any CPU.Build.0 = Debug|Any CPU
		{F6A09814-000F-4CC7-9E4B-196A91F8092D}.Release|Any CPU.ActiveCfg = Release|Any CPU
		{F6A09814-000F-4CC7-9E4B-196A91F8092D}.Release|Any CPU.Build.0 = Release|Any CPU
	EndGlobalSection
	GlobalSection(SolutionProperties) = preSolution
		HideSolutionNode = FALSE
	EndGlobalSection
EndGlobal
